// !$*UTF8*$!
{
	archiveVersion = 1;
	classes = {
	};
	objectVersion = 46;
	objects = {

/* Begin PBXBuildFile section */
		DA047B831A2D8F8C0090CDDD /* Nimble.framework in CopyFiles */ = {isa = PBXBuildFile; fileRef = DAE44D501A2D03C9005C5674 /* Nimble.framework */; settings = {ATTRIBUTES = (CodeSignOnCopy, RemoveHeadersOnCopy, ); }; };
		DA047B841A2D8F8C0090CDDD /* Quick.framework in CopyFiles */ = {isa = PBXBuildFile; fileRef = DAE44D511A2D03C9005C5674 /* Quick.framework */; settings = {ATTRIBUTES = (CodeSignOnCopy, RemoveHeadersOnCopy, ); }; };
		DA22CC0C19FD2DAF007D77E9 /* Engine.framework in Frameworks */ = {isa = PBXBuildFile; fileRef = DA22CC0119FD2DAE007D77E9 /* Engine.framework */; };
		DA22CC2319FD30C4007D77E9 /* EngineSpec.swift in Sources */ = {isa = PBXBuildFile; fileRef = DA22CC2219FD30C4007D77E9 /* EngineSpec.swift */; };
		DA22CC2419FD30C4007D77E9 /* EngineSpec.swift in Sources */ = {isa = PBXBuildFile; fileRef = DA22CC2219FD30C4007D77E9 /* EngineSpec.swift */; };
		DAA3C66C1A2D09B60068493C /* Nimble.framework in CopyFiles */ = {isa = PBXBuildFile; fileRef = DAE44D541A2D03D5005C5674 /* Nimble.framework */; settings = {ATTRIBUTES = (CodeSignOnCopy, RemoveHeadersOnCopy, ); }; };
		DAA3C66D1A2D09B60068493C /* Quick.framework in CopyFiles */ = {isa = PBXBuildFile; fileRef = DAE44D551A2D03D5005C5674 /* Quick.framework */; settings = {ATTRIBUTES = (CodeSignOnCopy, RemoveHeadersOnCopy, ); }; };
		DAE44D521A2D03C9005C5674 /* Nimble.framework in Frameworks */ = {isa = PBXBuildFile; fileRef = DAE44D501A2D03C9005C5674 /* Nimble.framework */; };
		DAE44D531A2D03C9005C5674 /* Quick.framework in Frameworks */ = {isa = PBXBuildFile; fileRef = DAE44D511A2D03C9005C5674 /* Quick.framework */; };
		DAE44D561A2D03D5005C5674 /* Nimble.framework in Frameworks */ = {isa = PBXBuildFile; fileRef = DAE44D541A2D03D5005C5674 /* Nimble.framework */; };
		DAE44D571A2D03D5005C5674 /* Quick.framework in Frameworks */ = {isa = PBXBuildFile; fileRef = DAE44D551A2D03D5005C5674 /* Quick.framework */; };
		DAEA5E3619CF1EBE004F822C /* Engine.h in Headers */ = {isa = PBXBuildFile; fileRef = DAEA5E3519CF1EBE004F822C /* Engine.h */; settings = {ATTRIBUTES = (Public, ); }; };
		DAEA5E3C19CF1EBE004F822C /* Engine.framework in Frameworks */ = {isa = PBXBuildFile; fileRef = DAEA5E3019CF1EBE004F822C /* Engine.framework */; };
/* End PBXBuildFile section */

/* Begin PBXContainerItemProxy section */
		DA22CC0D19FD2DAF007D77E9 /* PBXContainerItemProxy */ = {
			isa = PBXContainerItemProxy;
			containerPortal = DAEA5E2719CF1EBE004F822C /* Project object */;
			proxyType = 1;
			remoteGlobalIDString = DA22CC0019FD2DAE007D77E9;
			remoteInfo = Engine;
		};
		DAEA5E3D19CF1EBE004F822C /* PBXContainerItemProxy */ = {
			isa = PBXContainerItemProxy;
			containerPortal = DAEA5E2719CF1EBE004F822C /* Project object */;
			proxyType = 1;
			remoteGlobalIDString = DAEA5E2F19CF1EBE004F822C;
			remoteInfo = Engine;
		};
/* End PBXContainerItemProxy section */

/* Begin PBXCopyFilesBuildPhase section */
		DA047B801A2D8F830090CDDD /* CopyFiles */ = {
			isa = PBXCopyFilesBuildPhase;
			buildActionMask = 2147483647;
			dstPath = "";
			dstSubfolderSpec = 10;
			files = (
				DA047B831A2D8F8C0090CDDD /* Nimble.framework in CopyFiles */,
				DA047B841A2D8F8C0090CDDD /* Quick.framework in CopyFiles */,
			);
			runOnlyForDeploymentPostprocessing = 0;
		};
		DAA3C66B1A2D08F20068493C /* CopyFiles */ = {
			isa = PBXCopyFilesBuildPhase;
			buildActionMask = 2147483647;
			dstPath = "";
			dstSubfolderSpec = 10;
			files = (
				DAA3C66C1A2D09B60068493C /* Nimble.framework in CopyFiles */,
				DAA3C66D1A2D09B60068493C /* Quick.framework in CopyFiles */,
			);
			runOnlyForDeploymentPostprocessing = 0;
		};
/* End PBXCopyFilesBuildPhase section */

/* Begin PBXFileReference section */
		DA22CC0119FD2DAE007D77E9 /* Engine.framework */ = {isa = PBXFileReference; explicitFileType = wrapper.framework; includeInIndex = 0; path = Engine.framework; sourceTree = BUILT_PRODUCTS_DIR; };
		DA22CC0B19FD2DAE007D77E9 /* Engine-iOSTests.xctest */ = {isa = PBXFileReference; explicitFileType = wrapper.cfbundle; includeInIndex = 0; path = "Engine-iOSTests.xctest"; sourceTree = BUILT_PRODUCTS_DIR; };
		DA22CC2219FD30C4007D77E9 /* EngineSpec.swift */ = {isa = PBXFileReference; fileEncoding = 4; lastKnownFileType = sourcecode.swift; path = EngineSpec.swift; sourceTree = "<group>"; };
		DAE44D501A2D03C9005C5674 /* Nimble.framework */ = {isa = PBXFileReference; lastKnownFileType = wrapper.framework; name = Nimble.framework; path = Carthage.build/iOS/Nimble.framework; sourceTree = SOURCE_ROOT; };
		DAE44D511A2D03C9005C5674 /* Quick.framework */ = {isa = PBXFileReference; lastKnownFileType = wrapper.framework; name = Quick.framework; path = Carthage.build/iOS/Quick.framework; sourceTree = SOURCE_ROOT; };
		DAE44D541A2D03D5005C5674 /* Nimble.framework */ = {isa = PBXFileReference; lastKnownFileType = wrapper.framework; name = Nimble.framework; path = Carthage.build/Mac/Nimble.framework; sourceTree = SOURCE_ROOT; };
		DAE44D551A2D03D5005C5674 /* Quick.framework */ = {isa = PBXFileReference; lastKnownFileType = wrapper.framework; name = Quick.framework; path = Carthage.build/Mac/Quick.framework; sourceTree = SOURCE_ROOT; };
		DAEA5E3019CF1EBE004F822C /* Engine.framework */ = {isa = PBXFileReference; explicitFileType = wrapper.framework; includeInIndex = 0; path = Engine.framework; sourceTree = BUILT_PRODUCTS_DIR; };
		DAEA5E3419CF1EBE004F822C /* Info.plist */ = {isa = PBXFileReference; lastKnownFileType = text.plist.xml; path = Info.plist; sourceTree = "<group>"; };
		DAEA5E3519CF1EBE004F822C /* Engine.h */ = {isa = PBXFileReference; lastKnownFileType = sourcecode.c.h; path = Engine.h; sourceTree = "<group>"; };
		DAEA5E3B19CF1EBE004F822C /* Engine-MacTests.xctest */ = {isa = PBXFileReference; explicitFileType = wrapper.cfbundle; includeInIndex = 0; path = "Engine-MacTests.xctest"; sourceTree = BUILT_PRODUCTS_DIR; };
		DAEA5E4119CF1EBE004F822C /* Info.plist */ = {isa = PBXFileReference; lastKnownFileType = text.plist.xml; path = Info.plist; sourceTree = "<group>"; };
/* End PBXFileReference section */

/* Begin PBXFrameworksBuildPhase section */
		DA22CBFD19FD2DAE007D77E9 /* Frameworks */ = {
			isa = PBXFrameworksBuildPhase;
			buildActionMask = 2147483647;
			files = (
			);
			runOnlyForDeploymentPostprocessing = 0;
		};
		DA22CC0819FD2DAE007D77E9 /* Frameworks */ = {
			isa = PBXFrameworksBuildPhase;
			buildActionMask = 2147483647;
			files = (
				DA22CC0C19FD2DAF007D77E9 /* Engine.framework in Frameworks */,
				DAE44D521A2D03C9005C5674 /* Nimble.framework in Frameworks */,
				DAE44D531A2D03C9005C5674 /* Quick.framework in Frameworks */,
			);
			runOnlyForDeploymentPostprocessing = 0;
		};
		DAEA5E2C19CF1EBE004F822C /* Frameworks */ = {
			isa = PBXFrameworksBuildPhase;
			buildActionMask = 2147483647;
			files = (
			);
			runOnlyForDeploymentPostprocessing = 0;
		};
		DAEA5E3819CF1EBE004F822C /* Frameworks */ = {
			isa = PBXFrameworksBuildPhase;
			buildActionMask = 2147483647;
			files = (
				DAEA5E3C19CF1EBE004F822C /* Engine.framework in Frameworks */,
				DAE44D561A2D03D5005C5674 /* Nimble.framework in Frameworks */,
				DAE44D571A2D03D5005C5674 /* Quick.framework in Frameworks */,
			);
			runOnlyForDeploymentPostprocessing = 0;
		};
/* End PBXFrameworksBuildPhase section */

/* Begin PBXGroup section */
		DAEA5E2619CF1EBE004F822C = {
			isa = PBXGroup;
			children = (
				DAEA5E3219CF1EBE004F822C /* Engine */,
				DAEA5E3F19CF1EBE004F822C /* EngineTests */,
				DAEA5E3119CF1EBE004F822C /* Products */,
			);
			sourceTree = "<group>";
		};
		DAEA5E3119CF1EBE004F822C /* Products */ = {
			isa = PBXGroup;
			children = (
				DAEA5E3019CF1EBE004F822C /* Engine.framework */,
				DAEA5E3B19CF1EBE004F822C /* Engine-MacTests.xctest */,
				DA22CC0119FD2DAE007D77E9 /* Engine.framework */,
				DA22CC0B19FD2DAE007D77E9 /* Engine-iOSTests.xctest */,
			);
			name = Products;
			sourceTree = "<group>";
		};
		DAEA5E3219CF1EBE004F822C /* Engine */ = {
			isa = PBXGroup;
			children = (
				DAEA5E3519CF1EBE004F822C /* Engine.h */,
				DAEA5E3319CF1EBE004F822C /* Supporting Files */,
			);
			path = Engine;
			sourceTree = "<group>";
		};
		DAEA5E3319CF1EBE004F822C /* Supporting Files */ = {
			isa = PBXGroup;
			children = (
				DAEA5E3419CF1EBE004F822C /* Info.plist */,
			);
			name = "Supporting Files";
			sourceTree = "<group>";
		};
		DAEA5E3F19CF1EBE004F822C /* EngineTests */ = {
			isa = PBXGroup;
			children = (
				DAEA5E4019CF1EBE004F822C /* Supporting Files */,
				DA22CC2219FD30C4007D77E9 /* EngineSpec.swift */,
			);
			path = EngineTests;
			sourceTree = "<group>";
		};
		DAEA5E4019CF1EBE004F822C /* Supporting Files */ = {
			isa = PBXGroup;
			children = (
				DAE44D541A2D03D5005C5674 /* Nimble.framework */,
				DAE44D551A2D03D5005C5674 /* Quick.framework */,
				DAE44D501A2D03C9005C5674 /* Nimble.framework */,
				DAE44D511A2D03C9005C5674 /* Quick.framework */,
				DAEA5E4119CF1EBE004F822C /* Info.plist */,
			);
			name = "Supporting Files";
			sourceTree = "<group>";
		};
/* End PBXGroup section */

/* Begin PBXHeadersBuildPhase section */
		DA22CBFE19FD2DAE007D77E9 /* Headers */ = {
			isa = PBXHeadersBuildPhase;
			buildActionMask = 2147483647;
			files = (
			);
			runOnlyForDeploymentPostprocessing = 0;
		};
		DAEA5E2D19CF1EBE004F822C /* Headers */ = {
			isa = PBXHeadersBuildPhase;
			buildActionMask = 2147483647;
			files = (
				DAEA5E3619CF1EBE004F822C /* Engine.h in Headers */,
			);
			runOnlyForDeploymentPostprocessing = 0;
		};
/* End PBXHeadersBuildPhase section */

/* Begin PBXNativeTarget section */
		DA22CC0019FD2DAE007D77E9 /* Engine-iOS */ = {
			isa = PBXNativeTarget;
			buildConfigurationList = DA22CC1819FD2DAF007D77E9 /* Build configuration list for PBXNativeTarget "Engine-iOS" */;
			buildPhases = (
				DA22CBFC19FD2DAE007D77E9 /* Sources */,
				DA22CBFD19FD2DAE007D77E9 /* Frameworks */,
				DA22CBFE19FD2DAE007D77E9 /* Headers */,
				DA22CBFF19FD2DAE007D77E9 /* Resources */,
			);
			buildRules = (
			);
			dependencies = (
			);
			name = "Engine-iOS";
			productName = Engine;
			productReference = DA22CC0119FD2DAE007D77E9 /* Engine.framework */;
			productType = "com.apple.product-type.framework";
		};
		DA22CC0A19FD2DAE007D77E9 /* Engine-iOSTests */ = {
			isa = PBXNativeTarget;
			buildConfigurationList = DA22CC1919FD2DAF007D77E9 /* Build configuration list for PBXNativeTarget "Engine-iOSTests" */;
			buildPhases = (
				DA22CC0719FD2DAE007D77E9 /* Sources */,
				DA22CC0819FD2DAE007D77E9 /* Frameworks */,
				DA22CC0919FD2DAE007D77E9 /* Resources */,
				DA047B801A2D8F830090CDDD /* CopyFiles */,
			);
			buildRules = (
			);
			dependencies = (
				DA22CC0E19FD2DAF007D77E9 /* PBXTargetDependency */,
			);
			name = "Engine-iOSTests";
			productName = EngineTests;
			productReference = DA22CC0B19FD2DAE007D77E9 /* Engine-iOSTests.xctest */;
			productType = "com.apple.product-type.bundle.unit-test";
		};
		DAEA5E2F19CF1EBE004F822C /* Engine-Mac */ = {
			isa = PBXNativeTarget;
			buildConfigurationList = DAEA5E4619CF1EBE004F822C /* Build configuration list for PBXNativeTarget "Engine-Mac" */;
			buildPhases = (
				DAEA5E2B19CF1EBE004F822C /* Sources */,
				DAEA5E2C19CF1EBE004F822C /* Frameworks */,
				DAEA5E2D19CF1EBE004F822C /* Headers */,
				DAEA5E2E19CF1EBE004F822C /* Resources */,
			);
			buildRules = (
			);
			dependencies = (
			);
			name = "Engine-Mac";
			productName = Engine;
			productReference = DAEA5E3019CF1EBE004F822C /* Engine.framework */;
			productType = "com.apple.product-type.framework";
		};
		DAEA5E3A19CF1EBE004F822C /* Engine-MacTests */ = {
			isa = PBXNativeTarget;
			buildConfigurationList = DAEA5E4919CF1EBE004F822C /* Build configuration list for PBXNativeTarget "Engine-MacTests" */;
			buildPhases = (
				DAEA5E3719CF1EBE004F822C /* Sources */,
				DAEA5E3819CF1EBE004F822C /* Frameworks */,
				DAEA5E3919CF1EBE004F822C /* Resources */,
				DAA3C66B1A2D08F20068493C /* CopyFiles */,
			);
			buildRules = (
			);
			dependencies = (
				DAEA5E3E19CF1EBE004F822C /* PBXTargetDependency */,
			);
			name = "Engine-MacTests";
			productName = EngineTests;
			productReference = DAEA5E3B19CF1EBE004F822C /* Engine-MacTests.xctest */;
			productType = "com.apple.product-type.bundle.unit-test";
		};
/* End PBXNativeTarget section */

/* Begin PBXProject section */
		DAEA5E2719CF1EBE004F822C /* Project object */ = {
			isa = PBXProject;
			attributes = {
				LastUpgradeCheck = 0600;
				ORGANIZATIONNAME = CocoaFlow;
				TargetAttributes = {
					DA22CC0019FD2DAE007D77E9 = {
						CreatedOnToolsVersion = 6.1;
					};
					DA22CC0A19FD2DAE007D77E9 = {
						CreatedOnToolsVersion = 6.1;
					};
					DAEA5E2F19CF1EBE004F822C = {
						CreatedOnToolsVersion = 6.1;
					};
					DAEA5E3A19CF1EBE004F822C = {
						CreatedOnToolsVersion = 6.1;
					};
				};
			};
			buildConfigurationList = DAEA5E2A19CF1EBE004F822C /* Build configuration list for PBXProject "Engine" */;
			compatibilityVersion = "Xcode 3.2";
			developmentRegion = English;
			hasScannedForEncodings = 0;
			knownRegions = (
				en,
			);
			mainGroup = DAEA5E2619CF1EBE004F822C;
			productRefGroup = DAEA5E3119CF1EBE004F822C /* Products */;
			projectDirPath = "";
			projectRoot = "";
			targets = (
				DAEA5E2F19CF1EBE004F822C /* Engine-Mac */,
				DAEA5E3A19CF1EBE004F822C /* Engine-MacTests */,
				DA22CC0019FD2DAE007D77E9 /* Engine-iOS */,
				DA22CC0A19FD2DAE007D77E9 /* Engine-iOSTests */,
			);
		};
/* End PBXProject section */

/* Begin PBXResourcesBuildPhase section */
		DA22CBFF19FD2DAE007D77E9 /* Resources */ = {
			isa = PBXResourcesBuildPhase;
			buildActionMask = 2147483647;
			files = (
			);
			runOnlyForDeploymentPostprocessing = 0;
		};
		DA22CC0919FD2DAE007D77E9 /* Resources */ = {
			isa = PBXResourcesBuildPhase;
			buildActionMask = 2147483647;
			files = (
			);
			runOnlyForDeploymentPostprocessing = 0;
		};
		DAEA5E2E19CF1EBE004F822C /* Resources */ = {
			isa = PBXResourcesBuildPhase;
			buildActionMask = 2147483647;
			files = (
			);
			runOnlyForDeploymentPostprocessing = 0;
		};
		DAEA5E3919CF1EBE004F822C /* Resources */ = {
			isa = PBXResourcesBuildPhase;
			buildActionMask = 2147483647;
			files = (
			);
			runOnlyForDeploymentPostprocessing = 0;
		};
/* End PBXResourcesBuildPhase section */

/* Begin PBXSourcesBuildPhase section */
		DA22CBFC19FD2DAE007D77E9 /* Sources */ = {
			isa = PBXSourcesBuildPhase;
			buildActionMask = 2147483647;
			files = (
			);
			runOnlyForDeploymentPostprocessing = 0;
		};
		DA22CC0719FD2DAE007D77E9 /* Sources */ = {
			isa = PBXSourcesBuildPhase;
			buildActionMask = 2147483647;
			files = (
				DA22CC2419FD30C4007D77E9 /* EngineSpec.swift in Sources */,
			);
			runOnlyForDeploymentPostprocessing = 0;
		};
		DAEA5E2B19CF1EBE004F822C /* Sources */ = {
			isa = PBXSourcesBuildPhase;
			buildActionMask = 2147483647;
			files = (
			);
			runOnlyForDeploymentPostprocessing = 0;
		};
		DAEA5E3719CF1EBE004F822C /* Sources */ = {
			isa = PBXSourcesBuildPhase;
			buildActionMask = 2147483647;
			files = (
				DA22CC2319FD30C4007D77E9 /* EngineSpec.swift in Sources */,
			);
			runOnlyForDeploymentPostprocessing = 0;
		};
/* End PBXSourcesBuildPhase section */

/* Begin PBXTargetDependency section */
		DA22CC0E19FD2DAF007D77E9 /* PBXTargetDependency */ = {
			isa = PBXTargetDependency;
			target = DA22CC0019FD2DAE007D77E9 /* Engine-iOS */;
			targetProxy = DA22CC0D19FD2DAF007D77E9 /* PBXContainerItemProxy */;
		};
		DAEA5E3E19CF1EBE004F822C /* PBXTargetDependency */ = {
			isa = PBXTargetDependency;
			target = DAEA5E2F19CF1EBE004F822C /* Engine-Mac */;
			targetProxy = DAEA5E3D19CF1EBE004F822C /* PBXContainerItemProxy */;
		};
/* End PBXTargetDependency section */

/* Begin XCBuildConfiguration section */
		DA22CC1419FD2DAF007D77E9 /* Debug */ = {
			isa = XCBuildConfiguration;
			buildSettings = {
				"CODE_SIGN_IDENTITY[sdk=iphoneos*]" = "iPhone Developer";
				DEFINES_MODULE = YES;
				DYLIB_COMPATIBILITY_VERSION = 1;
				DYLIB_CURRENT_VERSION = 1;
				DYLIB_INSTALL_NAME_BASE = "@rpath";
				GCC_PREPROCESSOR_DEFINITIONS = (
					"DEBUG=1",
					"$(inherited)",
				);
				INFOPLIST_FILE = Engine/Info.plist;
				INSTALL_PATH = "$(LOCAL_LIBRARY_DIR)/Frameworks";
				IPHONEOS_DEPLOYMENT_TARGET = 8.0;
				LD_RUNPATH_SEARCH_PATHS = "$(inherited) @executable_path/Frameworks @loader_path/Frameworks";
				PRODUCT_NAME = Engine;
				SDKROOT = iphoneos;
				SKIP_INSTALL = YES;
				TARGETED_DEVICE_FAMILY = "1,2";
			};
			name = Debug;
		};
		DA22CC1519FD2DAF007D77E9 /* Release */ = {
			isa = XCBuildConfiguration;
			buildSettings = {
				"CODE_SIGN_IDENTITY[sdk=iphoneos*]" = "iPhone Developer";
				DEFINES_MODULE = YES;
				DYLIB_COMPATIBILITY_VERSION = 1;
				DYLIB_CURRENT_VERSION = 1;
				DYLIB_INSTALL_NAME_BASE = "@rpath";
				INFOPLIST_FILE = Engine/Info.plist;
				INSTALL_PATH = "$(LOCAL_LIBRARY_DIR)/Frameworks";
				IPHONEOS_DEPLOYMENT_TARGET = 8.0;
				LD_RUNPATH_SEARCH_PATHS = "$(inherited) @executable_path/Frameworks @loader_path/Frameworks";
				PRODUCT_NAME = Engine;
				SDKROOT = iphoneos;
				SKIP_INSTALL = YES;
				TARGETED_DEVICE_FAMILY = "1,2";
				VALIDATE_PRODUCT = YES;
			};
			name = Release;
		};
		DA22CC1619FD2DAF007D77E9 /* Debug */ = {
			isa = XCBuildConfiguration;
			buildSettings = {
				CLANG_ENABLE_MODULES = YES;
				FRAMEWORK_SEARCH_PATHS = (
					"$(SDKROOT)/Developer/Library/Frameworks",
					"$(inherited)",
					"$(PROJECT_DIR)/Carthage.build/iOS",
				);
				GCC_PREPROCESSOR_DEFINITIONS = (
					"DEBUG=1",
					"$(inherited)",
				);
				INFOPLIST_FILE = EngineTests/Info.plist;
				IPHONEOS_DEPLOYMENT_TARGET = 8.1;
				LD_RUNPATH_SEARCH_PATHS = "$(inherited) @executable_path/Frameworks @loader_path/Frameworks";
				PRODUCT_NAME = "$(TARGET_NAME)";
				SDKROOT = iphoneos;
				SWIFT_OPTIMIZATION_LEVEL = "-Onone";
			};
			name = Debug;
		};
		DA22CC1719FD2DAF007D77E9 /* Release */ = {
			isa = XCBuildConfiguration;
			buildSettings = {
				CLANG_ENABLE_MODULES = YES;
				FRAMEWORK_SEARCH_PATHS = (
					"$(SDKROOT)/Developer/Library/Frameworks",
					"$(inherited)",
					"$(PROJECT_DIR)/Carthage.build/iOS",
				);
				INFOPLIST_FILE = EngineTests/Info.plist;
				IPHONEOS_DEPLOYMENT_TARGET = 8.1;
				LD_RUNPATH_SEARCH_PATHS = "$(inherited) @executable_path/Frameworks @loader_path/Frameworks";
				PRODUCT_NAME = "$(TARGET_NAME)";
				SDKROOT = iphoneos;
				VALIDATE_PRODUCT = YES;
			};
			name = Release;
		};
		DAEA5E4419CF1EBE004F822C /* Debug */ = {
			isa = XCBuildConfiguration;
			buildSettings = {
				ALWAYS_SEARCH_USER_PATHS = NO;
				CLANG_CXX_LANGUAGE_STANDARD = "gnu++0x";
				CLANG_CXX_LIBRARY = "libc++";
				CLANG_ENABLE_MODULES = YES;
				CLANG_ENABLE_OBJC_ARC = YES;
				CLANG_WARN_BOOL_CONVERSION = YES;
				CLANG_WARN_CONSTANT_CONVERSION = YES;
				CLANG_WARN_DIRECT_OBJC_ISA_USAGE = YES_ERROR;
				CLANG_WARN_EMPTY_BODY = YES;
				CLANG_WARN_ENUM_CONVERSION = YES;
				CLANG_WARN_INT_CONVERSION = YES;
				CLANG_WARN_OBJC_ROOT_CLASS = YES_ERROR;
				CLANG_WARN_UNREACHABLE_CODE = YES;
				CLANG_WARN__DUPLICATE_METHOD_MATCH = YES;
				COPY_PHASE_STRIP = NO;
				CURRENT_PROJECT_VERSION = 1;
				ENABLE_STRICT_OBJC_MSGSEND = YES;
				GCC_C_LANGUAGE_STANDARD = gnu99;
				GCC_DYNAMIC_NO_PIC = NO;
				GCC_OPTIMIZATION_LEVEL = 0;
				GCC_PREPROCESSOR_DEFINITIONS = (
					"DEBUG=1",
					"$(inherited)",
				);
				GCC_SYMBOLS_PRIVATE_EXTERN = NO;
				GCC_WARN_64_TO_32_BIT_CONVERSION = YES;
				GCC_WARN_ABOUT_RETURN_TYPE = YES_ERROR;
				GCC_WARN_UNDECLARED_SELECTOR = YES;
				GCC_WARN_UNINITIALIZED_AUTOS = YES_AGGRESSIVE;
				GCC_WARN_UNUSED_FUNCTION = YES;
				GCC_WARN_UNUSED_VARIABLE = YES;
				MACOSX_DEPLOYMENT_TARGET = 10.9;
				MTL_ENABLE_DEBUG_INFO = YES;
				ONLY_ACTIVE_ARCH = YES;
				SDKROOT = macosx;
				SWIFT_OPTIMIZATION_LEVEL = "-Onone";
				VERSIONING_SYSTEM = "apple-generic";
				VERSION_INFO_PREFIX = "";
			};
			name = Debug;
		};
		DAEA5E4519CF1EBE004F822C /* Release */ = {
			isa = XCBuildConfiguration;
			buildSettings = {
				ALWAYS_SEARCH_USER_PATHS = NO;
				CLANG_CXX_LANGUAGE_STANDARD = "gnu++0x";
				CLANG_CXX_LIBRARY = "libc++";
				CLANG_ENABLE_MODULES = YES;
				CLANG_ENABLE_OBJC_ARC = YES;
				CLANG_WARN_BOOL_CONVERSION = YES;
				CLANG_WARN_CONSTANT_CONVERSION = YES;
				CLANG_WARN_DIRECT_OBJC_ISA_USAGE = YES_ERROR;
				CLANG_WARN_EMPTY_BODY = YES;
				CLANG_WARN_ENUM_CONVERSION = YES;
				CLANG_WARN_INT_CONVERSION = YES;
				CLANG_WARN_OBJC_ROOT_CLASS = YES_ERROR;
				CLANG_WARN_UNREACHABLE_CODE = YES;
				CLANG_WARN__DUPLICATE_METHOD_MATCH = YES;
				COPY_PHASE_STRIP = YES;
				CURRENT_PROJECT_VERSION = 1;
				DEBUG_INFORMATION_FORMAT = "dwarf-with-dsym";
				ENABLE_NS_ASSERTIONS = NO;
				ENABLE_STRICT_OBJC_MSGSEND = YES;
				GCC_C_LANGUAGE_STANDARD = gnu99;
				GCC_WARN_64_TO_32_BIT_CONVERSION = YES;
				GCC_WARN_ABOUT_RETURN_TYPE = YES_ERROR;
				GCC_WARN_UNDECLARED_SELECTOR = YES;
				GCC_WARN_UNINITIALIZED_AUTOS = YES_AGGRESSIVE;
				GCC_WARN_UNUSED_FUNCTION = YES;
				GCC_WARN_UNUSED_VARIABLE = YES;
				MACOSX_DEPLOYMENT_TARGET = 10.9;
				MTL_ENABLE_DEBUG_INFO = NO;
				SDKROOT = macosx;
				VERSIONING_SYSTEM = "apple-generic";
				VERSION_INFO_PREFIX = "";
			};
			name = Release;
		};
		DAEA5E4719CF1EBE004F822C /* Debug */ = {
			isa = XCBuildConfiguration;
			buildSettings = {
				COMBINE_HIDPI_IMAGES = YES;
				DEFINES_MODULE = YES;
				DYLIB_COMPATIBILITY_VERSION = 1;
				DYLIB_CURRENT_VERSION = 1;
				DYLIB_INSTALL_NAME_BASE = "@rpath";
				FRAMEWORK_VERSION = A;
				INFOPLIST_FILE = Engine/Info.plist;
				INSTALL_PATH = "$(LOCAL_LIBRARY_DIR)/Frameworks";
				LD_RUNPATH_SEARCH_PATHS = "$(inherited) @executable_path/../Frameworks @loader_path/Frameworks";
				PRODUCT_NAME = Engine;
				SKIP_INSTALL = YES;
			};
			name = Debug;
		};
		DAEA5E4819CF1EBE004F822C /* Release */ = {
			isa = XCBuildConfiguration;
			buildSettings = {
				COMBINE_HIDPI_IMAGES = YES;
				DEFINES_MODULE = YES;
				DYLIB_COMPATIBILITY_VERSION = 1;
				DYLIB_CURRENT_VERSION = 1;
				DYLIB_INSTALL_NAME_BASE = "@rpath";
				FRAMEWORK_VERSION = A;
				INFOPLIST_FILE = Engine/Info.plist;
				INSTALL_PATH = "$(LOCAL_LIBRARY_DIR)/Frameworks";
				LD_RUNPATH_SEARCH_PATHS = "$(inherited) @executable_path/../Frameworks @loader_path/Frameworks";
				PRODUCT_NAME = Engine;
				SKIP_INSTALL = YES;
			};
			name = Release;
		};
		DAEA5E4A19CF1EBE004F822C /* Debug */ = {
			isa = XCBuildConfiguration;
			buildSettings = {
				CLANG_ENABLE_MODULES = YES;
				COMBINE_HIDPI_IMAGES = YES;
				FRAMEWORK_SEARCH_PATHS = (
					"$(DEVELOPER_FRAMEWORKS_DIR)",
					"$(inherited)",
					"$(PROJECT_DIR)/Carthage.build/Mac",
				);
				GCC_PREPROCESSOR_DEFINITIONS = (
					"DEBUG=1",
					"$(inherited)",
				);
				INFOPLIST_FILE = EngineTests/Info.plist;
				LD_RUNPATH_SEARCH_PATHS = "$(inherited) @executable_path/../Frameworks @loader_path/../Frameworks";
				PRODUCT_NAME = "$(TARGET_NAME)";
				SWIFT_OPTIMIZATION_LEVEL = "-Onone";
			};
			name = Debug;
		};
		DAEA5E4B19CF1EBE004F822C /* Release */ = {
			isa = XCBuildConfiguration;
			buildSettings = {
				CLANG_ENABLE_MODULES = YES;
				COMBINE_HIDPI_IMAGES = YES;
				FRAMEWORK_SEARCH_PATHS = (
					"$(DEVELOPER_FRAMEWORKS_DIR)",
					"$(inherited)",
					"$(PROJECT_DIR)/Carthage.build/Mac",
				);
				INFOPLIST_FILE = EngineTests/Info.plist;
				LD_RUNPATH_SEARCH_PATHS = "$(inherited) @executable_path/../Frameworks @loader_path/../Frameworks";
				PRODUCT_NAME = "$(TARGET_NAME)";
			};
			name = Release;
		};
/* End XCBuildConfiguration section */

/* Begin XCConfigurationList section */
		DA22CC1819FD2DAF007D77E9 /* Build configuration list for PBXNativeTarget "Engine-iOS" */ = {
			isa = XCConfigurationList;
			buildConfigurations = (
				DA22CC1419FD2DAF007D77E9 /* Debug */,
				DA22CC1519FD2DAF007D77E9 /* Release */,
			);
			defaultConfigurationIsVisible = 0;
			defaultConfigurationName = Release;
		};
		DA22CC1919FD2DAF007D77E9 /* Build configuration list for PBXNativeTarget "Engine-iOSTests" */ = {
			isa = XCConfigurationList;
			buildConfigurations = (
				DA22CC1619FD2DAF007D77E9 /* Debug */,
				DA22CC1719FD2DAF007D77E9 /* Release */,
			);
			defaultConfigurationIsVisible = 0;
			defaultConfigurationName = Release;
		};
		DAEA5E2A19CF1EBE004F822C /* Build configuration list for PBXProject "Engine" */ = {
			isa = XCConfigurationList;
			buildConfigurations = (
				DAEA5E4419CF1EBE004F822C /* Debug */,
				DAEA5E4519CF1EBE004F822C /* Release */,
			);
			defaultConfigurationIsVisible = 0;
			defaultConfigurationName = Release;
		};
		DAEA5E4619CF1EBE004F822C /* Build configuration list for PBXNativeTarget "Engine-Mac" */ = {
			isa = XCConfigurationList;
			buildConfigurations = (
				DAEA5E4719CF1EBE004F822C /* Debug */,
				DAEA5E4819CF1EBE004F822C /* Release */,
			);
			defaultConfigurationIsVisible = 0;
			defaultConfigurationName = Release;
		};
		DAEA5E4919CF1EBE004F822C /* Build configuration list for PBXNativeTarget "Engine-MacTests" */ = {
			isa = XCConfigurationList;
			buildConfigurations = (
				DAEA5E4A19CF1EBE004F822C /* Debug */,
				DAEA5E4B19CF1EBE004F822C /* Release */,
			);
			defaultConfigurationIsVisible = 0;
			defaultConfigurationName = Release;
		};
/* End XCConfigurationList section */
	};
	rootObject = DAEA5E2719CF1EBE004F822C /* Project object */;
}
